
Microsoft Visual Studio Solution File, Format Version 12.00
# Visual Studio 15
VisualStudioVersion = 15.0.27004.2008
MinimumVisualStudioVersion = 10.0.40219.1
Project("{9A19103F-16F7-4668-BE54-9A1E7A4F7556}") = "VC-Code-Aug182017", "VC-Code-Aug182017.csproj", "{6DAD2C5A-1D08-47EE-B708-0952382A1F94}"
EndProject
Project("{FAE04EC0-301F-11D3-BF4B-00C04F79EFBC}") = "VCUtility", "VCUtility\VCUtility.csproj", "{C7194F20-31FE-4A35-939A-EE4A4B22E1BE}"
EndProject
Global
	GlobalSection(SolutionConfigurationPlatforms) = preSolution
		Debug|Any CPU = Debug|Any CPU
		Release|Any CPU = Release|Any CPU
	EndGlobalSection
	GlobalSection(ProjectConfigurationPlatforms) = postSolution
		{6DAD2C5A-1D08-47EE-B708-0952382A1F94}.Debug|Any CPU.ActiveCfg = Debug|Any CPU
		{6DAD2C5A-1D08-47EE-B708-0952382A1F94}.Debug|Any CPU.Build.0 = Debug|Any CPU
		{6DAD2C5A-1D08-47EE-B708-0952382A1F94}.Release|Any CPU.ActiveCfg = Release|Any CPU
		{6DAD2C5A-1D08-47EE-B708-0952382A1F94}.Release|Any CPU.Build.0 = Release|Any CPU
		{C7194F20-31FE-4A35-939A-EE4A4B22E1BE}.Debug|Any CPU.ActiveCfg = Debug|Any CPU
		{C7194F20-31FE-4A35-939A-EE4A4B22E1BE}.Debug|Any CPU.Build.0 = Debug|Any CPU
		{C7194F20-31FE-4A35-939A-EE4A4B22E1BE}.Release|Any CPU.ActiveCfg = Release|Any CPU
		{C7194F20-31FE-4A35-939A-EE4A4B22E1BE}.Release|Any CPU.Build.0 = Release|Any CPU
	EndGlobalSection
	GlobalSection(SolutionProperties) = preSolution
		HideSolutionNode = FALSE
	EndGlobalSection
	GlobalSection(ExtensibilityGlobals) = postSolution
		SolutionGuid = {12BC87B1-BD51-461C-B435-A019F65AB99B}
	EndGlobalSection
EndGlobal
